
Microsoft Visual Studio Solution File, Format Version 12.00
# Visual Studio Version 17
VisualStudioVersion = 17.13.35919.96 d17.13
MinimumVisualStudioVersion = 10.0.40219.1
Project("{FAE04EC0-301F-11D3-BF4B-00C04F79EFBC}") = "rainbowqr", "rainbowqr\rainbowqr.csproj", "{26131B33-C330-4FBD-BA90-0690B3DF642E}"
EndProject
Global
	GlobalSection(SolutionConfigurationPlatforms) = preSolution
		Debug|Any CPU = Debug|Any CPU
		Release|Any CPU = Release|Any CPU
	EndGlobalSection
	GlobalSection(ProjectConfigurationPlatforms) = postSolution
		{26131B33-C330-4FBD-BA90-0690B3DF642E}.Debug|Any CPU.ActiveCfg = Debug|Any CPU
		{26131B33-C330-4FBD-BA90-0690B3DF642E}.Debug|Any CPU.Build.0 = Debug|Any CPU
		{26131B33-C330-4FBD-BA90-0690B3DF642E}.Release|Any CPU.ActiveCfg = Release|Any CPU
		{26131B33-C330-4FBD-BA90-0690B3DF642E}.Release|Any CPU.Build.0 = Release|Any CPU
	EndGlobalSection
	GlobalSection(SolutionProperties) = preSolution
		HideSolutionNode = FALSE
	EndGlobalSection
	GlobalSection(ExtensibilityGlobals) = postSolution
		SolutionGuid = {BFA57490-9635-4E74-9AFC-6D11BEFC583F}
	EndGlobalSection
EndGlobal
